
Microsoft Visual Studio Solution File, Format Version 12.00
# Visual Studio Version 16
VisualStudioVersion = 16.0.31605.320
MinimumVisualStudioVersion = 10.0.40219.1
Project("{FAE04EC0-301F-11D3-BF4B-00C04F79EFBC}") = "Calculator", "Calculator\Calculator.csproj", "{C089ADF2-ED67-48F1-A2D5-FE9415922028}"
EndProject
Global
	GlobalSection(SolutionConfigurationPlatforms) = preSolution
		Debug|Any CPU = Debug|Any CPU
		Release|Any CPU = Release|Any CPU
	EndGlobalSection
	GlobalSection(ProjectConfigurationPlatforms) = postSolution
		{C089ADF2-ED67-48F1-A2D5-FE9415922028}.Debug|Any CPU.ActiveCfg = Debug|Any CPU
		{C089ADF2-ED67-48F1-A2D5-FE9415922028}.Debug|Any CPU.Build.0 = Debug|Any CPU
		{C089ADF2-ED67-48F1-A2D5-FE9415922028}.Release|Any CPU.ActiveCfg = Release|Any CPU
		{C089ADF2-ED67-48F1-A2D5-FE9415922028}.Release|Any CPU.Build.0 = Release|Any CPU
	EndGlobalSection
	GlobalSection(SolutionProperties) = preSolution
		HideSolutionNode = FALSE
	EndGlobalSection
	GlobalSection(ExtensibilityGlobals) = postSolution
		SolutionGuid = {717E8539-5416-42EC-8C1D-73D67BB7EA75}
	EndGlobalSection
EndGlobal
